github.com/dop251/goja v0.0.0-20260903201622-f87b40ad7341 h1:Xw5BlyA4EmkkAR09eEHJ/EzZr+VwcIiHDXQKxv41fDU=
github.com/dop251/goja v0.0.0-20260903201622-f87b40ad7341/go.mod h1:u8yZRUavu+N4EnFFy6J5fVtjE7lEcZ2YyV2GcBXY9c8=
github.com/go-sourcemap/sourcemap v2.1.3+incompatible h1:W1iEw64niKVGogNgBN3ePyLFfuisuzeidWPMPWmECqU=
github.com/go-sourcemap/sourcemap v2.1.3+incompatible/go.mod h1:F8jJfvm2KbVjc5NqelyYJmf/v5J0dwNLS2mL4sNA1Jg=
golang.org/x/text v0.3.8 h1:nAL+RVCQ9uMn3vJZbV+MRnydTJFPf8qqY42YiA6MrqY=
golang.org/x/text v0.3.8/go.mod h1:E6s5w1FMmriuDzIBO73fBruAKo1PCIq6d2Q6DHfQ8WQ=
